
Microsoft Visual Studio Solution File, Format Version 12.00
# Visual Studio Version 17
VisualStudioVersion = 17.9.34728.123
MinimumVisualStudioVersion = 10.0.40219.1
Project("{FAE04EC0-301F-11D3-BF4B-00C04F79EFBC}") = "WebServer", "WebServer.csproj", "{4D0517C9-E4DE-4E00-8BB0-3597E5802763}"
EndProject
Global
	GlobalSection(SolutionConfigurationPlatforms) = preSolution
		Debug|Any CPU = Debug|Any CPU
		Release|Any CPU = Release|Any CPU
	EndGlobalSection
	GlobalSection(ProjectConfigurationPlatforms) = postSolution
		{4D0517C9-E4DE-4E00-8BB0-3597E5802763}.Debug|Any CPU.ActiveCfg = Debug|Any CPU
		{4D0517C9-E4DE-4E00-8BB0-3597E5802763}.Debug|Any CPU.Build.0 = Debug|Any CPU
		{4D0517C9-E4DE-4E00-8BB0-3597E5802763}.Release|Any CPU.ActiveCfg = Release|Any CPU
		{4D0517C9-E4DE-4E00-8BB0-3597E5802763}.Release|Any CPU.Build.0 = Release|Any CPU
	EndGlobalSection
	GlobalSection(SolutionProperties) = preSolution
		HideSolutionNode = FALSE
	EndGlobalSection
	GlobalSection(ExtensibilityGlobals) = postSolution
		SolutionGuid = {98977036-A969-4C6B-87B9-3DA747682E29}
	EndGlobalSection
EndGlobal
